// !$*UTF8*$!
{
	archiveVersion = 1;
	classes = {
	};
	objectVersion = 50;
	objects = {

/* Begin PBXBuildFile section */
		9D03E5A823DB8C4900E33D2A /* KodiConfigEditor.swift in Sources */ = {isa = PBXBuildFile; fileRef = 9D03E5A723DB8C4900E33D2A /* KodiConfigEditor.swift */; };
		9D03E5AA23DB9B0800E33D2A /* ConfigService.swift in Sources */ = {isa = PBXBuildFile; fileRef = 9D03E5A923DB9B0800E33D2A /* ConfigService.swift */; };
		9D03E5AB23DBA13700E33D2A /* ConfigService.swift in Sources */ = {isa = PBXBuildFile; fileRef = 9D03E5A923DB9B0800E33D2A /* ConfigService.swift */; };
		9D03E5AC23DBA21E00E33D2A /* ConfigService.swift in Sources */ = {isa = PBXBuildFile; fileRef = 9D03E5A923DB9B0800E33D2A /* ConfigService.swift */; };
		9D03E5AD23DBA22800E33D2A /* ConfigService.swift in Sources */ = {isa = PBXBuildFile; fileRef = 9D03E5A923DB9B0800E33D2A /* ConfigService.swift */; };
		9D03E5AF23DBA4C600E33D2A /* KodiConfigSummary.swift in Sources */ = {isa = PBXBuildFile; fileRef = 9D03E5AE23DBA4C600E33D2A /* KodiConfigSummary.swift */; };
		9D04D059235110E100BBC9C1 /* AppDelegate.swift in Sources */ = {isa = PBXBuildFile; fileRef = 9D04D058235110E100BBC9C1 /* AppDelegate.swift */; };
		9D04D05B235110E100BBC9C1 /* SceneDelegate.swift in Sources */ = {isa = PBXBuildFile; fileRef = 9D04D05A235110E100BBC9C1 /* SceneDelegate.swift */; };
		9D04D05D235110E100BBC9C1 /* ContentView.swift in Sources */ = {isa = PBXBuildFile; fileRef = 9D04D05C235110E100BBC9C1 /* ContentView.swift */; };
		9D04D05F235110E500BBC9C1 /* Assets.xcassets in Resources */ = {isa = PBXBuildFile; fileRef = 9D04D05E235110E500BBC9C1 /* Assets.xcassets */; };
		9D04D062235110E500BBC9C1 /* Preview Assets.xcassets in Resources */ = {isa = PBXBuildFile; fileRef = 9D04D061235110E500BBC9C1 /* Preview Assets.xcassets */; };
		9D04D065235110E500BBC9C1 /* LaunchScreen.storyboard in Resources */ = {isa = PBXBuildFile; fileRef = 9D04D063235110E500BBC9C1 /* LaunchScreen.storyboard */; };
		9D04D070235110E500BBC9C1 /* Send2KodiTests.swift in Sources */ = {isa = PBXBuildFile; fileRef = 9D04D06F235110E500BBC9C1 /* Send2KodiTests.swift */; };
		9D04D07B235110E500BBC9C1 /* Send2KodiUITests.swift in Sources */ = {isa = PBXBuildFile; fileRef = 9D04D07A235110E500BBC9C1 /* Send2KodiUITests.swift */; };
		9D04D08C235117F200BBC9C1 /* KodiConfig.swift in Sources */ = {isa = PBXBuildFile; fileRef = 9D04D08B235117F100BBC9C1 /* KodiConfig.swift */; };
		9D04D092235262DA00BBC9C1 /* KodiService.swift in Sources */ = {isa = PBXBuildFile; fileRef = 9D04D091235262DA00BBC9C1 /* KodiService.swift */; };
		9D04D093235262DA00BBC9C1 /* KodiService.swift in Sources */ = {isa = PBXBuildFile; fileRef = 9D04D091235262DA00BBC9C1 /* KodiService.swift */; };
		9D04D0972357B5CC00BBC9C1 /* KodiConfig.swift in Sources */ = {isa = PBXBuildFile; fileRef = 9D04D08B235117F100BBC9C1 /* KodiConfig.swift */; };
		9D04D09F235A68A100BBC9C1 /* Media.xcassets in Resources */ = {isa = PBXBuildFile; fileRef = 9D04D09E235A68A100BBC9C1 /* Media.xcassets */; };
		9D04D0A1235A68A200BBC9C1 /* ActionRequestHandler.swift in Sources */ = {isa = PBXBuildFile; fileRef = 9D04D0A0235A68A200BBC9C1 /* ActionRequestHandler.swift */; };
		9D04D0A3235A68A200BBC9C1 /* Action.js in Resources */ = {isa = PBXBuildFile; fileRef = 9D04D0A2235A68A200BBC9C1 /* Action.js */; };
		9D04D0A7235A68A200BBC9C1 /* SendYouTube2Kodi.appex in Embed App Extensions */ = {isa = PBXBuildFile; fileRef = 9D04D09C235A68A100BBC9C1 /* SendYouTube2Kodi.appex */; settings = {ATTRIBUTES = (RemoveHeadersOnCopy, ); }; };
		9D052493236381EF0063CC05 /* ShareViewController.swift in Sources */ = {isa = PBXBuildFile; fileRef = 9D052492236381EF0063CC05 /* ShareViewController.swift */; };
		9D052496236381EF0063CC05 /* MainInterface.storyboard in Resources */ = {isa = PBXBuildFile; fileRef = 9D052494236381EF0063CC05 /* MainInterface.storyboard */; };
		9D05249A236381EF0063CC05 /* Share2Kodi.appex in Embed App Extensions */ = {isa = PBXBuildFile; fileRef = 9D052490236381EF0063CC05 /* Share2Kodi.appex */; settings = {ATTRIBUTES = (RemoveHeadersOnCopy, ); }; };
		9D469A7A23E2C6FF00E17FE9 /* YoutubeIDExtract.swift in Sources */ = {isa = PBXBuildFile; fileRef = 9D469A7923E2C6FF00E17FE9 /* YoutubeIDExtract.swift */; };
		9D469A7B23E2C6FF00E17FE9 /* YoutubeIDExtract.swift in Sources */ = {isa = PBXBuildFile; fileRef = 9D469A7923E2C6FF00E17FE9 /* YoutubeIDExtract.swift */; };
		9D469A7C23E2C6FF00E17FE9 /* YoutubeIDExtract.swift in Sources */ = {isa = PBXBuildFile; fileRef = 9D469A7923E2C6FF00E17FE9 /* YoutubeIDExtract.swift */; };
		9D469A7D23E2C6FF00E17FE9 /* YoutubeIDExtract.swift in Sources */ = {isa = PBXBuildFile; fileRef = 9D469A7923E2C6FF00E17FE9 /* YoutubeIDExtract.swift */; };
		9D5A9C6123679E400074519B /* KodiConfig.swift in Sources */ = {isa = PBXBuildFile; fileRef = 9D04D08B235117F100BBC9C1 /* KodiConfig.swift */; };
		9D5A9C6223679E400074519B /* KodiConfig.swift in Sources */ = {isa = PBXBuildFile; fileRef = 9D04D08B235117F100BBC9C1 /* KodiConfig.swift */; };
		9D5A9C6323679E440074519B /* KodiService.swift in Sources */ = {isa = PBXBuildFile; fileRef = 9D04D091235262DA00BBC9C1 /* KodiService.swift */; };
		9D5A9C6423679E440074519B /* KodiService.swift in Sources */ = {isa = PBXBuildFile; fileRef = 9D04D091235262DA00BBC9C1 /* KodiService.swift */; };
		9D78388923E35B06001DD1AE /* ShareService.swift in Sources */ = {isa = PBXBuildFile; fileRef = 9D78388823E35B06001DD1AE /* ShareService.swift */; };
		9D78388A23E35B06001DD1AE /* ShareService.swift in Sources */ = {isa = PBXBuildFile; fileRef = 9D78388823E35B06001DD1AE /* ShareService.swift */; };
		9D78388B23E35B06001DD1AE /* ShareService.swift in Sources */ = {isa = PBXBuildFile; fileRef = 9D78388823E35B06001DD1AE /* ShareService.swift */; };
		9D78388C23E35B06001DD1AE /* ShareService.swift in Sources */ = {isa = PBXBuildFile; fileRef = 9D78388823E35B06001DD1AE /* ShareService.swift */; };
		9D78389223E36094001DD1AE /* Action.js in Resources */ = {isa = PBXBuildFile; fileRef = 9D04D0A2235A68A200BBC9C1 /* Action.js */; };
		9D78389323E36094001DD1AE /* Action.js in Resources */ = {isa = PBXBuildFile; fileRef = 9D04D0A2235A68A200BBC9C1 /* Action.js */; };
		9D78389423E36095001DD1AE /* Action.js in Resources */ = {isa = PBXBuildFile; fileRef = 9D04D0A2235A68A200BBC9C1 /* Action.js */; };
		9D78389523E360BB001DD1AE /* ActionRequestHandler.swift in Sources */ = {isa = PBXBuildFile; fileRef = 9D04D0A0235A68A200BBC9C1 /* ActionRequestHandler.swift */; };
		9D78389623E360BB001DD1AE /* ActionRequestHandler.swift in Sources */ = {isa = PBXBuildFile; fileRef = 9D04D0A0235A68A200BBC9C1 /* ActionRequestHandler.swift */; };
		9D78389723E360BB001DD1AE /* ActionRequestHandler.swift in Sources */ = {isa = PBXBuildFile; fileRef = 9D04D0A0235A68A200BBC9C1 /* ActionRequestHandler.swift */; };
		9D78389923E3694C001DD1AE /* KodiActionRequestHandler.swift in Sources */ = {isa = PBXBuildFile; fileRef = 9D78389823E3694C001DD1AE /* KodiActionRequestHandler.swift */; };
		9D78389A23E3694C001DD1AE /* KodiActionRequestHandler.swift in Sources */ = {isa = PBXBuildFile; fileRef = 9D78389823E3694C001DD1AE /* KodiActionRequestHandler.swift */; };
		9D7C5FB423E312DB005A06E9 /* Media.xcassets in Resources */ = {isa = PBXBuildFile; fileRef = 9D7C5FB323E312DB005A06E9 /* Media.xcassets */; };
		9D7C5FB623E312DB005A06E9 /* LMSActionRequestHandler.swift in Sources */ = {isa = PBXBuildFile; fileRef = 9D7C5FB523E312DB005A06E9 /* LMSActionRequestHandler.swift */; };
		9D7C5FBC23E312DB005A06E9 /* Send2LMS.appex in Embed App Extensions */ = {isa = PBXBuildFile; fileRef = 9D7C5FB123E312DB005A06E9 /* Send2LMS.appex */; settings = {ATTRIBUTES = (RemoveHeadersOnCopy, ); }; };
		9D7C5FC123E31505005A06E9 /* ConfigService.swift in Sources */ = {isa = PBXBuildFile; fileRef = 9D03E5A923DB9B0800E33D2A /* ConfigService.swift */; };
		9D7C5FC223E3150F005A06E9 /* LMSService.swift in Sources */ = {isa = PBXBuildFile; fileRef = 9DF5552823E226E2009E5083 /* LMSService.swift */; };
		9D7C5FC323E3150F005A06E9 /* YoutubeIDExtract.swift in Sources */ = {isa = PBXBuildFile; fileRef = 9D469A7923E2C6FF00E17FE9 /* YoutubeIDExtract.swift */; };
		9D7C5FC423E3150F005A06E9 /* KodiConfig.swift in Sources */ = {isa = PBXBuildFile; fileRef = 9D04D08B235117F100BBC9C1 /* KodiConfig.swift */; };
		9D7C5FC523E3150F005A06E9 /* LMSConfig.swift in Sources */ = {isa = PBXBuildFile; fileRef = 9DF5551E23E1E5E8009E5083 /* LMSConfig.swift */; };
		9DF5551F23E1E5E8009E5083 /* LMSConfig.swift in Sources */ = {isa = PBXBuildFile; fileRef = 9DF5551E23E1E5E8009E5083 /* LMSConfig.swift */; };
		9DF5552023E1E5E8009E5083 /* LMSConfig.swift in Sources */ = {isa = PBXBuildFile; fileRef = 9DF5551E23E1E5E8009E5083 /* LMSConfig.swift */; };
		9DF5552123E1E5E8009E5083 /* LMSConfig.swift in Sources */ = {isa = PBXBuildFile; fileRef = 9DF5551E23E1E5E8009E5083 /* LMSConfig.swift */; };
		9DF5552423E1E821009E5083 /* KodiView.swift in Sources */ = {isa = PBXBuildFile; fileRef = 9DF5552323E1E821009E5083 /* KodiView.swift */; };
		9DF5552623E1EB03009E5083 /* LMSView.swift in Sources */ = {isa = PBXBuildFile; fileRef = 9DF5552523E1EB03009E5083 /* LMSView.swift */; };
		9DF5552723E223F7009E5083 /* LMSConfig.swift in Sources */ = {isa = PBXBuildFile; fileRef = 9DF5551E23E1E5E8009E5083 /* LMSConfig.swift */; };
		9DF5552923E226E2009E5083 /* LMSService.swift in Sources */ = {isa = PBXBuildFile; fileRef = 9DF5552823E226E2009E5083 /* LMSService.swift */; };
		9DF5552B23E226E2009E5083 /* LMSService.swift in Sources */ = {isa = PBXBuildFile; fileRef = 9DF5552823E226E2009E5083 /* LMSService.swift */; };
/* End PBXBuildFile section */

/* Begin PBXContainerItemProxy section */
		9D04D06C235110E500BBC9C1 /* PBXContainerItemProxy */ = {
			isa = PBXContainerItemProxy;
			containerPortal = 9D04D04D235110E100BBC9C1 /* Project object */;
			proxyType = 1;
			remoteGlobalIDString = 9D04D054235110E100BBC9C1;
			remoteInfo = Send2Kodi;
		};
		9D04D077235110E500BBC9C1 /* PBXContainerItemProxy */ = {
			isa = PBXContainerItemProxy;
			containerPortal = 9D04D04D235110E100BBC9C1 /* Project object */;
			proxyType = 1;
			remoteGlobalIDString = 9D04D054235110E100BBC9C1;
			remoteInfo = Send2Kodi;
		};
		9D04D0A5235A68A200BBC9C1 /* PBXContainerItemProxy */ = {
			isa = PBXContainerItemProxy;
			containerPortal = 9D04D04D235110E100BBC9C1 /* Project object */;
			proxyType = 1;
			remoteGlobalIDString = 9D04D09B235A68A100BBC9C1;
			remoteInfo = SendYouTube2Kodi;
		};
		9D052498236381EF0063CC05 /* PBXContainerItemProxy */ = {
			isa = PBXContainerItemProxy;
			containerPortal = 9D04D04D235110E100BBC9C1 /* Project object */;
			proxyType = 1;
			remoteGlobalIDString = 9D05248F236381EF0063CC05;
			remoteInfo = Share2Kodi;
		};
		9D7C5FBA23E312DB005A06E9 /* PBXContainerItemProxy */ = {
			isa = PBXContainerItemProxy;
			containerPortal = 9D04D04D235110E100BBC9C1 /* Project object */;
			proxyType = 1;
			remoteGlobalIDString = 9D7C5FB023E312DB005A06E9;
			remoteInfo = Send2LMS;
		};
/* End PBXContainerItemProxy section */

/* Begin PBXCopyFilesBuildPhase section */
		9D04D0AB235A68A200BBC9C1 /* Embed App Extensions */ = {
			isa = PBXCopyFilesBuildPhase;
			buildActionMask = 2147483647;
			dstPath = "";
			dstSubfolderSpec = 13;
			files = (
				9D05249A236381EF0063CC05 /* Share2Kodi.appex in Embed App Extensions */,
				9D04D0A7235A68A200BBC9C1 /* SendYouTube2Kodi.appex in Embed App Extensions */,
				9D7C5FBC23E312DB005A06E9 /* Send2LMS.appex in Embed App Extensions */,
			);
			name = "Embed App Extensions";
			runOnlyForDeploymentPostprocessing = 0;
		};
/* End PBXCopyFilesBuildPhase section */

/* Begin PBXFileReference section */
		9D03E5A723DB8C4900E33D2A /* KodiConfigEditor.swift */ = {isa = PBXFileReference; lastKnownFileType = sourcecode.swift; path = KodiConfigEditor.swift; sourceTree = "<group>"; };
		9D03E5A923DB9B0800E33D2A /* ConfigService.swift */ = {isa = PBXFileReference; lastKnownFileType = sourcecode.swift; path = ConfigService.swift; sourceTree = "<group>"; };
		9D03E5AE23DBA4C600E33D2A /* KodiConfigSummary.swift */ = {isa = PBXFileReference; lastKnownFileType = sourcecode.swift; path = KodiConfigSummary.swift; sourceTree = "<group>"; };
		9D04D055235110E100BBC9C1 /* Send2Kodi.app */ = {isa = PBXFileReference; explicitFileType = wrapper.application; includeInIndex = 0; path = Send2Kodi.app; sourceTree = BUILT_PRODUCTS_DIR; };
		9D04D058235110E100BBC9C1 /* AppDelegate.swift */ = {isa = PBXFileReference; lastKnownFileType = sourcecode.swift; path = AppDelegate.swift; sourceTree = "<group>"; };
		9D04D05A235110E100BBC9C1 /* SceneDelegate.swift */ = {isa = PBXFileReference; lastKnownFileType = sourcecode.swift; path = SceneDelegate.swift; sourceTree = "<group>"; };
		9D04D05C235110E100BBC9C1 /* ContentView.swift */ = {isa = PBXFileReference; lastKnownFileType = sourcecode.swift; path = ContentView.swift; sourceTree = "<group>"; };
		9D04D05E235110E500BBC9C1 /* Assets.xcassets */ = {isa = PBXFileReference; lastKnownFileType = folder.assetcatalog; path = Assets.xcassets; sourceTree = "<group>"; };
		9D04D061235110E500BBC9C1 /* Preview Assets.xcassets */ = {isa = PBXFileReference; lastKnownFileType = folder.assetcatalog; path = "Preview Assets.xcassets"; sourceTree = "<group>"; };
		9D04D064235110E500BBC9C1 /* Base */ = {isa = PBXFileReference; lastKnownFileType = file.storyboard; name = Base; path = Base.lproj/LaunchScreen.storyboard; sourceTree = "<group>"; };
		9D04D066235110E500BBC9C1 /* Info.plist */ = {isa = PBXFileReference; lastKnownFileType = text.plist.xml; path = Info.plist; sourceTree = "<group>"; };
		9D04D06B235110E500BBC9C1 /* Send2KodiTests.xctest */ = {isa = PBXFileReference; explicitFileType = wrapper.cfbundle; includeInIndex = 0; path = Send2KodiTests.xctest; sourceTree = BUILT_PRODUCTS_DIR; };
		9D04D06F235110E500BBC9C1 /* Send2KodiTests.swift */ = {isa = PBXFileReference; lastKnownFileType = sourcecode.swift; path = Send2KodiTests.swift; sourceTree = "<group>"; };
		9D04D071235110E500BBC9C1 /* Info.plist */ = {isa = PBXFileReference; lastKnownFileType = text.plist.xml; path = Info.plist; sourceTree = "<group>"; };
		9D04D076235110E500BBC9C1 /* Send2KodiUITests.xctest */ = {isa = PBXFileReference; explicitFileType = wrapper.cfbundle; includeInIndex = 0; path = Send2KodiUITests.xctest; sourceTree = BUILT_PRODUCTS_DIR; };
		9D04D07A235110E500BBC9C1 /* Send2KodiUITests.swift */ = {isa = PBXFileReference; lastKnownFileType = sourcecode.swift; path = Send2KodiUITests.swift; sourceTree = "<group>"; };
		9D04D07C235110E500BBC9C1 /* Info.plist */ = {isa = PBXFileReference; lastKnownFileType = text.plist.xml; path = Info.plist; sourceTree = "<group>"; };
		9D04D08B235117F100BBC9C1 /* KodiConfig.swift */ = {isa = PBXFileReference; fileEncoding = 4; lastKnownFileType = sourcecode.swift; path = KodiConfig.swift; sourceTree = "<group>"; };
		9D04D091235262DA00BBC9C1 /* KodiService.swift */ = {isa = PBXFileReference; lastKnownFileType = sourcecode.swift; path = KodiService.swift; sourceTree = "<group>"; };
		9D04D09C235A68A100BBC9C1 /* SendYouTube2Kodi.appex */ = {isa = PBXFileReference; explicitFileType = "wrapper.app-extension"; includeInIndex = 0; path = SendYouTube2Kodi.appex; sourceTree = BUILT_PRODUCTS_DIR; };
		9D04D09E235A68A100BBC9C1 /* Media.xcassets */ = {isa = PBXFileReference; lastKnownFileType = folder.assetcatalog; path = Media.xcassets; sourceTree = "<group>"; };
		9D04D0A0235A68A200BBC9C1 /* ActionRequestHandler.swift */ = {isa = PBXFileReference; lastKnownFileType = sourcecode.swift; path = ActionRequestHandler.swift; sourceTree = "<group>"; };
		9D04D0A2235A68A200BBC9C1 /* Action.js */ = {isa = PBXFileReference; lastKnownFileType = sourcecode.javascript; path = Action.js; sourceTree = "<group>"; };
		9D04D0A4235A68A200BBC9C1 /* Info.plist */ = {isa = PBXFileReference; lastKnownFileType = text.plist.xml; path = Info.plist; sourceTree = "<group>"; };
		9D052490236381EF0063CC05 /* Share2Kodi.appex */ = {isa = PBXFileReference; explicitFileType = "wrapper.app-extension"; includeInIndex = 0; path = Share2Kodi.appex; sourceTree = BUILT_PRODUCTS_DIR; };
		9D052492236381EF0063CC05 /* ShareViewController.swift */ = {isa = PBXFileReference; lastKnownFileType = sourcecode.swift; path = ShareViewController.swift; sourceTree = "<group>"; };
		9D052495236381EF0063CC05 /* Base */ = {isa = PBXFileReference; lastKnownFileType = file.storyboard; name = Base; path = Base.lproj/MainInterface.storyboard; sourceTree = "<group>"; };
		9D052497236381EF0063CC05 /* Info.plist */ = {isa = PBXFileReference; lastKnownFileType = text.plist.xml; path = Info.plist; sourceTree = "<group>"; };
		9D05249E236381FF0063CC05 /* Share2Kodi.entitlements */ = {isa = PBXFileReference; lastKnownFileType = text.plist.entitlements; path = Share2Kodi.entitlements; sourceTree = "<group>"; };
		9D30C1BE236243DB006E3898 /* Send2Kodi.entitlements */ = {isa = PBXFileReference; lastKnownFileType = text.plist.entitlements; path = Send2Kodi.entitlements; sourceTree = "<group>"; };
		9D30C1BF236248D0006E3898 /* SendYouTube2Kodi.entitlements */ = {isa = PBXFileReference; lastKnownFileType = text.plist.entitlements; path = SendYouTube2Kodi.entitlements; sourceTree = "<group>"; };
		9D469A7923E2C6FF00E17FE9 /* YoutubeIDExtract.swift */ = {isa = PBXFileReference; lastKnownFileType = sourcecode.swift; path = YoutubeIDExtract.swift; sourceTree = "<group>"; };
		9D78388823E35B06001DD1AE /* ShareService.swift */ = {isa = PBXFileReference; lastKnownFileType = sourcecode.swift; path = ShareService.swift; sourceTree = "<group>"; };
		9D78389823E3694C001DD1AE /* KodiActionRequestHandler.swift */ = {isa = PBXFileReference; lastKnownFileType = sourcecode.swift; path = KodiActionRequestHandler.swift; sourceTree = "<group>"; };
		9D7C5FB123E312DB005A06E9 /* Send2LMS.appex */ = {isa = PBXFileReference; explicitFileType = "wrapper.app-extension"; includeInIndex = 0; path = Send2LMS.appex; sourceTree = BUILT_PRODUCTS_DIR; };
		9D7C5FB323E312DB005A06E9 /* Media.xcassets */ = {isa = PBXFileReference; lastKnownFileType = folder.assetcatalog; path = Media.xcassets; sourceTree = "<group>"; };
		9D7C5FB523E312DB005A06E9 /* LMSActionRequestHandler.swift */ = {isa = PBXFileReference; lastKnownFileType = sourcecode.swift; path = LMSActionRequestHandler.swift; sourceTree = "<group>"; };
		9D7C5FB923E312DB005A06E9 /* Info.plist */ = {isa = PBXFileReference; lastKnownFileType = text.plist.xml; path = Info.plist; sourceTree = "<group>"; };
		9D7C5FC023E31351005A06E9 /* Send2LMS.entitlements */ = {isa = PBXFileReference; lastKnownFileType = text.plist.entitlements; path = Send2LMS.entitlements; sourceTree = "<group>"; };
		9DF5551E23E1E5E8009E5083 /* LMSConfig.swift */ = {isa = PBXFileReference; lastKnownFileType = sourcecode.swift; path = LMSConfig.swift; sourceTree = "<group>"; };
		9DF5552323E1E821009E5083 /* KodiView.swift */ = {isa = PBXFileReference; lastKnownFileType = sourcecode.swift; path = KodiView.swift; sourceTree = "<group>"; };
		9DF5552523E1EB03009E5083 /* LMSView.swift */ = {isa = PBXFileReference; lastKnownFileType = sourcecode.swift; path = LMSView.swift; sourceTree = "<group>"; };
		9DF5552823E226E2009E5083 /* LMSService.swift */ = {isa = PBXFileReference; lastKnownFileType = sourcecode.swift; path = LMSService.swift; sourceTree = "<group>"; };
/* End PBXFileReference section */

/* Begin PBXFrameworksBuildPhase section */
		9D04D052235110E100BBC9C1 /* Frameworks */ = {
			isa = PBXFrameworksBuildPhase;
			buildActionMask = 2147483647;
			files = (
			);
			runOnlyForDeploymentPostprocessing = 0;
		};
		9D04D068235110E500BBC9C1 /* Frameworks */ = {
			isa = PBXFrameworksBuildPhase;
			buildActionMask = 2147483647;
			files = (
			);
			runOnlyForDeploymentPostprocessing = 0;
		};
		9D04D073235110E500BBC9C1 /* Frameworks */ = {
			isa = PBXFrameworksBuildPhase;
			buildActionMask = 2147483647;
			files = (
			);
			runOnlyForDeploymentPostprocessing = 0;
		};
		9D04D099235A68A100BBC9C1 /* Frameworks */ = {
			isa = PBXFrameworksBuildPhase;
			buildActionMask = 2147483647;
			files = (
			);
			runOnlyForDeploymentPostprocessing = 0;
		};
		9D05248D236381EF0063CC05 /* Frameworks */ = {
			isa = PBXFrameworksBuildPhase;
			buildActionMask = 2147483647;
			files = (
			);
			runOnlyForDeploymentPostprocessing = 0;
		};
		9D7C5FAE23E312DB005A06E9 /* Frameworks */ = {
			isa = PBXFrameworksBuildPhase;
			buildActionMask = 2147483647;
			files = (
			);
			runOnlyForDeploymentPostprocessing = 0;
		};
/* End PBXFrameworksBuildPhase section */

/* Begin PBXGroup section */
		9D04D04C235110E100BBC9C1 = {
			isa = PBXGroup;
			children = (
				9D04D057235110E100BBC9C1 /* Send2Kodi */,
				9D04D06E235110E500BBC9C1 /* Send2KodiTests */,
				9D04D079235110E500BBC9C1 /* Send2KodiUITests */,
				9D04D09D235A68A100BBC9C1 /* SendYouTube2Kodi */,
				9D052491236381EF0063CC05 /* Share2Kodi */,
				9D7C5FB223E312DB005A06E9 /* Send2LMS */,
				9D04D056235110E100BBC9C1 /* Products */,
			);
			sourceTree = "<group>";
		};
		9D04D056235110E100BBC9C1 /* Products */ = {
			isa = PBXGroup;
			children = (
				9D04D055235110E100BBC9C1 /* Send2Kodi.app */,
				9D04D06B235110E500BBC9C1 /* Send2KodiTests.xctest */,
				9D04D076235110E500BBC9C1 /* Send2KodiUITests.xctest */,
				9D04D09C235A68A100BBC9C1 /* SendYouTube2Kodi.appex */,
				9D052490236381EF0063CC05 /* Share2Kodi.appex */,
				9D7C5FB123E312DB005A06E9 /* Send2LMS.appex */,
			);
			name = Products;
			sourceTree = "<group>";
		};
		9D04D057235110E100BBC9C1 /* Send2Kodi */ = {
			isa = PBXGroup;
			children = (
				9D30C1BE236243DB006E3898 /* Send2Kodi.entitlements */,
				9D78388723E35AB2001DD1AE /* Extension */,
				9D04D08D2352628C00BBC9C1 /* Service */,
				9DF5552223E1E6D2009E5083 /* View */,
				9D04D08A235117DB00BBC9C1 /* Model */,
				9D04D058235110E100BBC9C1 /* AppDelegate.swift */,
				9D04D05A235110E100BBC9C1 /* SceneDelegate.swift */,
				9D04D05C235110E100BBC9C1 /* ContentView.swift */,
				9D04D05E235110E500BBC9C1 /* Assets.xcassets */,
				9D04D063235110E500BBC9C1 /* LaunchScreen.storyboard */,
				9D04D066235110E500BBC9C1 /* Info.plist */,
				9D04D060235110E500BBC9C1 /* Preview Content */,
			);
			path = Send2Kodi;
			sourceTree = "<group>";
		};
		9D04D060235110E500BBC9C1 /* Preview Content */ = {
			isa = PBXGroup;
			children = (
				9D04D061235110E500BBC9C1 /* Preview Assets.xcassets */,
			);
			path = "Preview Content";
			sourceTree = "<group>";
		};
		9D04D06E235110E500BBC9C1 /* Send2KodiTests */ = {
			isa = PBXGroup;
			children = (
				9D04D06F235110E500BBC9C1 /* Send2KodiTests.swift */,
				9D04D071235110E500BBC9C1 /* Info.plist */,
			);
			path = Send2KodiTests;
			sourceTree = "<group>";
		};
		9D04D079235110E500BBC9C1 /* Send2KodiUITests */ = {
			isa = PBXGroup;
			children = (
				9D04D07A235110E500BBC9C1 /* Send2KodiUITests.swift */,
				9D04D07C235110E500BBC9C1 /* Info.plist */,
			);
			path = Send2KodiUITests;
			sourceTree = "<group>";
		};
		9D04D08A235117DB00BBC9C1 /* Model */ = {
			isa = PBXGroup;
			children = (
				9D04D08B235117F100BBC9C1 /* KodiConfig.swift */,
				9DF5551E23E1E5E8009E5083 /* LMSConfig.swift */,
			);
			path = Model;
			sourceTree = "<group>";
		};
		9D04D08D2352628C00BBC9C1 /* Service */ = {
			isa = PBXGroup;
			children = (
				9D04D091235262DA00BBC9C1 /* KodiService.swift */,
				9D03E5A923DB9B0800E33D2A /* ConfigService.swift */,
				9DF5552823E226E2009E5083 /* LMSService.swift */,
				9D469A7923E2C6FF00E17FE9 /* YoutubeIDExtract.swift */,
				9D78388823E35B06001DD1AE /* ShareService.swift */,
			);
			path = Service;
			sourceTree = "<group>";
		};
		9D04D09D235A68A100BBC9C1 /* SendYouTube2Kodi */ = {
			isa = PBXGroup;
			children = (
				9D30C1BF236248D0006E3898 /* SendYouTube2Kodi.entitlements */,
				9D04D09E235A68A100BBC9C1 /* Media.xcassets */,
				9D78389823E3694C001DD1AE /* KodiActionRequestHandler.swift */,
				9D04D0A4235A68A200BBC9C1 /* Info.plist */,
			);
			path = SendYouTube2Kodi;
			sourceTree = "<group>";
		};
		9D052491236381EF0063CC05 /* Share2Kodi */ = {
			isa = PBXGroup;
			children = (
				9D05249E236381FF0063CC05 /* Share2Kodi.entitlements */,
				9D052492236381EF0063CC05 /* ShareViewController.swift */,
				9D052494236381EF0063CC05 /* MainInterface.storyboard */,
				9D052497236381EF0063CC05 /* Info.plist */,
			);
			path = Share2Kodi;
			sourceTree = "<group>";
		};
		9D78388723E35AB2001DD1AE /* Extension */ = {
			isa = PBXGroup;
			children = (
				9D04D0A2235A68A200BBC9C1 /* Action.js */,
				9D04D0A0235A68A200BBC9C1 /* ActionRequestHandler.swift */,
			);
			path = Extension;
			sourceTree = "<group>";
		};
		9D7C5FB223E312DB005A06E9 /* Send2LMS */ = {
			isa = PBXGroup;
			children = (
				9D7C5FC023E31351005A06E9 /* Send2LMS.entitlements */,
				9D7C5FB323E312DB005A06E9 /* Media.xcassets */,
				9D7C5FB523E312DB005A06E9 /* LMSActionRequestHandler.swift */,
				9D7C5FB923E312DB005A06E9 /* Info.plist */,
			);
			path = Send2LMS;
			sourceTree = "<group>";
		};
		9DF5552223E1E6D2009E5083 /* View */ = {
			isa = PBXGroup;
			children = (
				9D03E5A723DB8C4900E33D2A /* KodiConfigEditor.swift */,
				9D03E5AE23DBA4C600E33D2A /* KodiConfigSummary.swift */,
				9DF5552323E1E821009E5083 /* KodiView.swift */,
				9DF5552523E1EB03009E5083 /* LMSView.swift */,
			);
			path = View;
			sourceTree = "<group>";
		};
/* End PBXGroup section */

/* Begin PBXNativeTarget section */
		9D04D054235110E100BBC9C1 /* Send2Kodi */ = {
			isa = PBXNativeTarget;
			buildConfigurationList = 9D04D07F235110E500BBC9C1 /* Build configuration list for PBXNativeTarget "Send2Kodi" */;
			buildPhases = (
				9D04D051235110E100BBC9C1 /* Sources */,
				9D04D052235110E100BBC9C1 /* Frameworks */,
				9D04D053235110E100BBC9C1 /* Resources */,
				9D04D0AB235A68A200BBC9C1 /* Embed App Extensions */,
			);
			buildRules = (
			);
			dependencies = (
				9D04D0A6235A68A200BBC9C1 /* PBXTargetDependency */,
				9D052499236381EF0063CC05 /* PBXTargetDependency */,
				9D7C5FBB23E312DB005A06E9 /* PBXTargetDependency */,
			);
			name = Send2Kodi;
			productName = Send2Kodi;
			productReference = 9D04D055235110E100BBC9C1 /* Send2Kodi.app */;
			productType = "com.apple.product-type.application";
		};
		9D04D06A235110E500BBC9C1 /* Send2KodiTests */ = {
			isa = PBXNativeTarget;
			buildConfigurationList = 9D04D082235110E500BBC9C1 /* Build configuration list for PBXNativeTarget "Send2KodiTests" */;
			buildPhases = (
				9D04D067235110E500BBC9C1 /* Sources */,
				9D04D068235110E500BBC9C1 /* Frameworks */,
				9D04D069235110E500BBC9C1 /* Resources */,
			);
			buildRules = (
			);
			dependencies = (
				9D04D06D235110E500BBC9C1 /* PBXTargetDependency */,
			);
			name = Send2KodiTests;
			productName = Send2KodiTests;
			productReference = 9D04D06B235110E500BBC9C1 /* Send2KodiTests.xctest */;
			productType = "com.apple.product-type.bundle.unit-test";
		};
		9D04D075235110E500BBC9C1 /* Send2KodiUITests */ = {
			isa = PBXNativeTarget;
			buildConfigurationList = 9D04D085235110E500BBC9C1 /* Build configuration list for PBXNativeTarget "Send2KodiUITests" */;
			buildPhases = (
				9D04D072235110E500BBC9C1 /* Sources */,
				9D04D073235110E500BBC9C1 /* Frameworks */,
				9D04D074235110E500BBC9C1 /* Resources */,
			);
			buildRules = (
			);
			dependencies = (
				9D04D078235110E500BBC9C1 /* PBXTargetDependency */,
			);
			name = Send2KodiUITests;
			productName = Send2KodiUITests;
			productReference = 9D04D076235110E500BBC9C1 /* Send2KodiUITests.xctest */;
			productType = "com.apple.product-type.bundle.ui-testing";
		};
		9D04D09B235A68A100BBC9C1 /* SendYouTube2Kodi */ = {
			isa = PBXNativeTarget;
			buildConfigurationList = 9D04D0A8235A68A200BBC9C1 /* Build configuration list for PBXNativeTarget "SendYouTube2Kodi" */;
			buildPhases = (
				9D04D098235A68A100BBC9C1 /* Sources */,
				9D04D099235A68A100BBC9C1 /* Frameworks */,
				9D04D09A235A68A100BBC9C1 /* Resources */,
			);
			buildRules = (
			);
			dependencies = (
			);
			name = SendYouTube2Kodi;
			productName = SendYouTube2Kodi;
			productReference = 9D04D09C235A68A100BBC9C1 /* SendYouTube2Kodi.appex */;
			productType = "com.apple.product-type.app-extension";
		};
		9D05248F236381EF0063CC05 /* Share2Kodi */ = {
			isa = PBXNativeTarget;
			buildConfigurationList = 9D05249D236381EF0063CC05 /* Build configuration list for PBXNativeTarget "Share2Kodi" */;
			buildPhases = (
				9D05248C236381EF0063CC05 /* Sources */,
				9D05248D236381EF0063CC05 /* Frameworks */,
				9D05248E236381EF0063CC05 /* Resources */,
			);
			buildRules = (
			);
			dependencies = (
			);
			name = Share2Kodi;
			productName = Share2Kodi;
			productReference = 9D052490236381EF0063CC05 /* Share2Kodi.appex */;
			productType = "com.apple.product-type.app-extension";
		};
		9D7C5FB023E312DB005A06E9 /* Send2LMS */ = {
			isa = PBXNativeTarget;
			buildConfigurationList = 9D7C5FBF23E312DB005A06E9 /* Build configuration list for PBXNativeTarget "Send2LMS" */;
			buildPhases = (
				9D7C5FAD23E312DB005A06E9 /* Sources */,
				9D7C5FAE23E312DB005A06E9 /* Frameworks */,
				9D7C5FAF23E312DB005A06E9 /* Resources */,
			);
			buildRules = (
			);
			dependencies = (
			);
			name = Send2LMS;
			productName = Send2LMS;
			productReference = 9D7C5FB123E312DB005A06E9 /* Send2LMS.appex */;
			productType = "com.apple.product-type.app-extension";
		};
/* End PBXNativeTarget section */

/* Begin PBXProject section */
		9D04D04D235110E100BBC9C1 /* Project object */ = {
			isa = PBXProject;
			attributes = {
				LastSwiftUpdateCheck = 1130;
				LastUpgradeCheck = 1100;
				ORGANIZATIONNAME = "Erwan Lacoste";
				TargetAttributes = {
					9D04D054235110E100BBC9C1 = {
						CreatedOnToolsVersion = 11.0;
					};
					9D04D06A235110E500BBC9C1 = {
						CreatedOnToolsVersion = 11.0;
						TestTargetID = 9D04D054235110E100BBC9C1;
					};
					9D04D075235110E500BBC9C1 = {
						CreatedOnToolsVersion = 11.0;
						TestTargetID = 9D04D054235110E100BBC9C1;
					};
					9D04D09B235A68A100BBC9C1 = {
						CreatedOnToolsVersion = 11.0;
					};
					9D05248F236381EF0063CC05 = {
						CreatedOnToolsVersion = 11.0;
					};
					9D7C5FB023E312DB005A06E9 = {
						CreatedOnToolsVersion = 11.3.1;
					};
				};
			};
			buildConfigurationList = 9D04D050235110E100BBC9C1 /* Build configuration list for PBXProject "Send2Kodi" */;
			compatibilityVersion = "Xcode 9.3";
			developmentRegion = en;
			hasScannedForEncodings = 0;
			knownRegions = (
				en,
				Base,
			);
			mainGroup = 9D04D04C235110E100BBC9C1;
			productRefGroup = 9D04D056235110E100BBC9C1 /* Products */;
			projectDirPath = "";
			projectRoot = "";
			targets = (
				9D04D054235110E100BBC9C1 /* Send2Kodi */,
				9D04D06A235110E500BBC9C1 /* Send2KodiTests */,
				9D04D075235110E500BBC9C1 /* Send2KodiUITests */,
				9D04D09B235A68A100BBC9C1 /* SendYouTube2Kodi */,
				9D05248F236381EF0063CC05 /* Share2Kodi */,
				9D7C5FB023E312DB005A06E9 /* Send2LMS */,
			);
		};
/* End PBXProject section */

/* Begin PBXResourcesBuildPhase section */
		9D04D053235110E100BBC9C1 /* Resources */ = {
			isa = PBXResourcesBuildPhase;
			buildActionMask = 2147483647;
			files = (
				9D04D065235110E500BBC9C1 /* LaunchScreen.storyboard in Resources */,
				9D04D062235110E500BBC9C1 /* Preview Assets.xcassets in Resources */,
				9D78389223E36094001DD1AE /* Action.js in Resources */,
				9D04D05F235110E500BBC9C1 /* Assets.xcassets in Resources */,
			);
			runOnlyForDeploymentPostprocessing = 0;
		};
		9D04D069235110E500BBC9C1 /* Resources */ = {
			isa = PBXResourcesBuildPhase;
			buildActionMask = 2147483647;
			files = (
			);
			runOnlyForDeploymentPostprocessing = 0;
		};
		9D04D074235110E500BBC9C1 /* Resources */ = {
			isa = PBXResourcesBuildPhase;
			buildActionMask = 2147483647;
			files = (
			);
			runOnlyForDeploymentPostprocessing = 0;
		};
		9D04D09A235A68A100BBC9C1 /* Resources */ = {
			isa = PBXResourcesBuildPhase;
			buildActionMask = 2147483647;
			files = (
				9D04D0A3235A68A200BBC9C1 /* Action.js in Resources */,
				9D04D09F235A68A100BBC9C1 /* Media.xcassets in Resources */,
			);
			runOnlyForDeploymentPostprocessing = 0;
		};
		9D05248E236381EF0063CC05 /* Resources */ = {
			isa = PBXResourcesBuildPhase;
			buildActionMask = 2147483647;
			files = (
				9D78389423E36095001DD1AE /* Action.js in Resources */,
				9D052496236381EF0063CC05 /* MainInterface.storyboard in Resources */,
			);
			runOnlyForDeploymentPostprocessing = 0;
		};
		9D7C5FAF23E312DB005A06E9 /* Resources */ = {
			isa = PBXResourcesBuildPhase;
			buildActionMask = 2147483647;
			files = (
				9D78389323E36094001DD1AE /* Action.js in Resources */,
				9D7C5FB423E312DB005A06E9 /* Media.xcassets in Resources */,
			);
			runOnlyForDeploymentPostprocessing = 0;
		};
/* End PBXResourcesBuildPhase section */

/* Begin PBXSourcesBuildPhase section */
		9D04D051235110E100BBC9C1 /* Sources */ = {
			isa = PBXSourcesBuildPhase;
			buildActionMask = 2147483647;
			files = (
				9DF5552923E226E2009E5083 /* LMSService.swift in Sources */,
				9DF5551F23E1E5E8009E5083 /* LMSConfig.swift in Sources */,
				9D04D08C235117F200BBC9C1 /* KodiConfig.swift in Sources */,
				9D03E5AA23DB9B0800E33D2A /* ConfigService.swift in Sources */,
				9D04D059235110E100BBC9C1 /* AppDelegate.swift in Sources */,
				9D78389923E3694C001DD1AE /* KodiActionRequestHandler.swift in Sources */,
				9D78388923E35B06001DD1AE /* ShareService.swift in Sources */,
				9DF5552423E1E821009E5083 /* KodiView.swift in Sources */,
				9DF5552623E1EB03009E5083 /* LMSView.swift in Sources */,
				9D469A7A23E2C6FF00E17FE9 /* YoutubeIDExtract.swift in Sources */,
				9D78389523E360BB001DD1AE /* ActionRequestHandler.swift in Sources */,
				9D04D092235262DA00BBC9C1 /* KodiService.swift in Sources */,
				9D04D05B235110E100BBC9C1 /* SceneDelegate.swift in Sources */,
				9D03E5AF23DBA4C600E33D2A /* KodiConfigSummary.swift in Sources */,
				9D04D05D235110E100BBC9C1 /* ContentView.swift in Sources */,
				9D03E5A823DB8C4900E33D2A /* KodiConfigEditor.swift in Sources */,
			);
			runOnlyForDeploymentPostprocessing = 0;
		};
		9D04D067235110E500BBC9C1 /* Sources */ = {
			isa = PBXSourcesBuildPhase;
			buildActionMask = 2147483647;
			files = (
				9DF5552723E223F7009E5083 /* LMSConfig.swift in Sources */,
				9D04D0972357B5CC00BBC9C1 /* KodiConfig.swift in Sources */,
				9D03E5AB23DBA13700E33D2A /* ConfigService.swift in Sources */,
				9D469A7B23E2C6FF00E17FE9 /* YoutubeIDExtract.swift in Sources */,
				9D04D093235262DA00BBC9C1 /* KodiService.swift in Sources */,
				9D04D070235110E500BBC9C1 /* Send2KodiTests.swift in Sources */,
			);
			runOnlyForDeploymentPostprocessing = 0;
		};
		9D04D072235110E500BBC9C1 /* Sources */ = {
			isa = PBXSourcesBuildPhase;
			buildActionMask = 2147483647;
			files = (
				9D04D07B235110E500BBC9C1 /* Send2KodiUITests.swift in Sources */,
			);
			runOnlyForDeploymentPostprocessing = 0;
		};
		9D04D098235A68A100BBC9C1 /* Sources */ = {
			isa = PBXSourcesBuildPhase;
			buildActionMask = 2147483647;
			files = (
				9D5A9C6123679E400074519B /* KodiConfig.swift in Sources */,
				9D03E5AC23DBA21E00E33D2A /* ConfigService.swift in Sources */,
				9D469A7C23E2C6FF00E17FE9 /* YoutubeIDExtract.swift in Sources */,
				9D5A9C6323679E440074519B /* KodiService.swift in Sources */,
				9DF5552023E1E5E8009E5083 /* LMSConfig.swift in Sources */,
				9D78389A23E3694C001DD1AE /* KodiActionRequestHandler.swift in Sources */,
				9D78388A23E35B06001DD1AE /* ShareService.swift in Sources */,
				9D04D0A1235A68A200BBC9C1 /* ActionRequestHandler.swift in Sources */,
			);
			runOnlyForDeploymentPostprocessing = 0;
		};
		9D05248C236381EF0063CC05 /* Sources */ = {
			isa = PBXSourcesBuildPhase;
			buildActionMask = 2147483647;
			files = (
				9DF5552B23E226E2009E5083 /* LMSService.swift in Sources */,
				9D78388B23E35B06001DD1AE /* ShareService.swift in Sources */,
				9D5A9C6223679E400074519B /* KodiConfig.swift in Sources */,
				9D78389623E360BB001DD1AE /* ActionRequestHandler.swift in Sources */,
				9D03E5AD23DBA22800E33D2A /* ConfigService.swift in Sources */,
				9D469A7D23E2C6FF00E17FE9 /* YoutubeIDExtract.swift in Sources */,
				9D5A9C6423679E440074519B /* KodiService.swift in Sources */,
				9DF5552123E1E5E8009E5083 /* LMSConfig.swift in Sources */,
				9D052493236381EF0063CC05 /* ShareViewController.swift in Sources */,
			);
			runOnlyForDeploymentPostprocessing = 0;
		};
		9D7C5FAD23E312DB005A06E9 /* Sources */ = {
			isa = PBXSourcesBuildPhase;
			buildActionMask = 2147483647;
			files = (
				9D7C5FC223E3150F005A06E9 /* LMSService.swift in Sources */,
				9D7C5FC323E3150F005A06E9 /* YoutubeIDExtract.swift in Sources */,
				9D78389723E360BB001DD1AE /* ActionRequestHandler.swift in Sources */,
				9D7C5FC423E3150F005A06E9 /* KodiConfig.swift in Sources */,
				9D7C5FC523E3150F005A06E9 /* LMSConfig.swift in Sources */,
				9D7C5FC123E31505005A06E9 /* ConfigService.swift in Sources */,
				9D78388C23E35B06001DD1AE /* ShareService.swift in Sources */,
				9D7C5FB623E312DB005A06E9 /* LMSActionRequestHandler.swift in Sources */,
			);
			runOnlyForDeploymentPostprocessing = 0;
		};
/* End PBXSourcesBuildPhase section */

/* Begin PBXTargetDependency section */
		9D04D06D235110E500BBC9C1 /* PBXTargetDependency */ = {
			isa = PBXTargetDependency;
			target = 9D04D054235110E100BBC9C1 /* Send2Kodi */;
			targetProxy = 9D04D06C235110E500BBC9C1 /* PBXContainerItemProxy */;
		};
		9D04D078235110E500BBC9C1 /* PBXTargetDependency */ = {
			isa = PBXTargetDependency;
			target = 9D04D054235110E100BBC9C1 /* Send2Kodi */;
			targetProxy = 9D04D077235110E500BBC9C1 /* PBXContainerItemProxy */;
		};
		9D04D0A6235A68A200BBC9C1 /* PBXTargetDependency */ = {
			isa = PBXTargetDependency;
			target = 9D04D09B235A68A100BBC9C1 /* SendYouTube2Kodi */;
			targetProxy = 9D04D0A5235A68A200BBC9C1 /* PBXContainerItemProxy */;
		};
		9D052499236381EF0063CC05 /* PBXTargetDependency */ = {
			isa = PBXTargetDependency;
			target = 9D05248F236381EF0063CC05 /* Share2Kodi */;
			targetProxy = 9D052498236381EF0063CC05 /* PBXContainerItemProxy */;
		};
		9D7C5FBB23E312DB005A06E9 /* PBXTargetDependency */ = {
			isa = PBXTargetDependency;
			target = 9D7C5FB023E312DB005A06E9 /* Send2LMS */;
			targetProxy = 9D7C5FBA23E312DB005A06E9 /* PBXContainerItemProxy */;
		};
/* End PBXTargetDependency section */

/* Begin PBXVariantGroup section */
		9D04D063235110E500BBC9C1 /* LaunchScreen.storyboard */ = {
			isa = PBXVariantGroup;
			children = (
				9D04D064235110E500BBC9C1 /* Base */,
			);
			name = LaunchScreen.storyboard;
			sourceTree = "<group>";
		};
		9D052494236381EF0063CC05 /* MainInterface.storyboard */ = {
			isa = PBXVariantGroup;
			children = (
				9D052495236381EF0063CC05 /* Base */,
			);
			name = MainInterface.storyboard;
			sourceTree = "<group>";
		};
/* End PBXVariantGroup section */

/* Begin XCBuildConfiguration section */
		9D04D07D235110E500BBC9C1 /* Debug */ = {
			isa = XCBuildConfiguration;
			buildSettings = {
				ALWAYS_SEARCH_USER_PATHS = NO;
				CLANG_ANALYZER_NONNULL = YES;
				CLANG_ANALYZER_NUMBER_OBJECT_CONVERSION = YES_AGGRESSIVE;
				CLANG_CXX_LANGUAGE_STANDARD = "gnu++14";
				CLANG_CXX_LIBRARY = "libc++";
				CLANG_ENABLE_MODULES = YES;
				CLANG_ENABLE_OBJC_ARC = YES;
				CLANG_ENABLE_OBJC_WEAK = YES;
				CLANG_WARN_BLOCK_CAPTURE_AUTORELEASING = YES;
				CLANG_WARN_BOOL_CONVERSION = YES;
				CLANG_WARN_COMMA = YES;
				CLANG_WARN_CONSTANT_CONVERSION = YES;
				CLANG_WARN_DEPRECATED_OBJC_IMPLEMENTATIONS = YES;
				CLANG_WARN_DIRECT_OBJC_ISA_USAGE = YES_ERROR;
				CLANG_WARN_DOCUMENTATION_COMMENTS = YES;
				CLANG_WARN_EMPTY_BODY = YES;
				CLANG_WARN_ENUM_CONVERSION = YES;
				CLANG_WARN_INFINITE_RECURSION = YES;
				CLANG_WARN_INT_CONVERSION = YES;
				CLANG_WARN_NON_LITERAL_NULL_CONVERSION = YES;
				CLANG_WARN_OBJC_IMPLICIT_RETAIN_SELF = YES;
				CLANG_WARN_OBJC_LITERAL_CONVERSION = YES;
				CLANG_WARN_OBJC_ROOT_CLASS = YES_ERROR;
				CLANG_WARN_RANGE_LOOP_ANALYSIS = YES;
				CLANG_WARN_STRICT_PROTOTYPES = YES;
				CLANG_WARN_SUSPICIOUS_MOVE = YES;
				CLANG_WARN_UNGUARDED_AVAILABILITY = YES_AGGRESSIVE;
				CLANG_WARN_UNREACHABLE_CODE = YES;
				CLANG_WARN__DUPLICATE_METHOD_MATCH = YES;
				COPY_PHASE_STRIP = NO;
				DEBUG_INFORMATION_FORMAT = dwarf;
				ENABLE_STRICT_OBJC_MSGSEND = YES;
				ENABLE_TESTABILITY = YES;
				GCC_C_LANGUAGE_STANDARD = gnu11;
				GCC_DYNAMIC_NO_PIC = NO;
				GCC_NO_COMMON_BLOCKS = YES;
				GCC_OPTIMIZATION_LEVEL = 0;
				GCC_PREPROCESSOR_DEFINITIONS = (
					"DEBUG=1",
					"$(inherited)",
				);
				GCC_WARN_64_TO_32_BIT_CONVERSION = YES;
				GCC_WARN_ABOUT_RETURN_TYPE = YES_ERROR;
				GCC_WARN_UNDECLARED_SELECTOR = YES;
				GCC_WARN_UNINITIALIZED_AUTOS = YES_AGGRESSIVE;
				GCC_WARN_UNUSED_FUNCTION = YES;
				GCC_WARN_UNUSED_VARIABLE = YES;
				IPHONEOS_DEPLOYMENT_TARGET = 13.0;
				MTL_ENABLE_DEBUG_INFO = INCLUDE_SOURCE;
				MTL_FAST_MATH = YES;
				ONLY_ACTIVE_ARCH = YES;
				SDKROOT = iphoneos;
				SWIFT_ACTIVE_COMPILATION_CONDITIONS = DEBUG;
				SWIFT_OPTIMIZATION_LEVEL = "-Onone";
			};
			name = Debug;
		};
		9D04D07E235110E500BBC9C1 /* Release */ = {
			isa = XCBuildConfiguration;
			buildSettings = {
				ALWAYS_SEARCH_USER_PATHS = NO;
				CLANG_ANALYZER_NONNULL = YES;
				CLANG_ANALYZER_NUMBER_OBJECT_CONVERSION = YES_AGGRESSIVE;
				CLANG_CXX_LANGUAGE_STANDARD = "gnu++14";
				CLANG_CXX_LIBRARY = "libc++";
				CLANG_ENABLE_MODULES = YES;
				CLANG_ENABLE_OBJC_ARC = YES;
				CLANG_ENABLE_OBJC_WEAK = YES;
				CLANG_WARN_BLOCK_CAPTURE_AUTORELEASING = YES;
				CLANG_WARN_BOOL_CONVERSION = YES;
				CLANG_WARN_COMMA = YES;
				CLANG_WARN_CONSTANT_CONVERSION = YES;
				CLANG_WARN_DEPRECATED_OBJC_IMPLEMENTATIONS = YES;
				CLANG_WARN_DIRECT_OBJC_ISA_USAGE = YES_ERROR;
				CLANG_WARN_DOCUMENTATION_COMMENTS = YES;
				CLANG_WARN_EMPTY_BODY = YES;
				CLANG_WARN_ENUM_CONVERSION = YES;
				CLANG_WARN_INFINITE_RECURSION = YES;
				CLANG_WARN_INT_CONVERSION = YES;
				CLANG_WARN_NON_LITERAL_NULL_CONVERSION = YES;
				CLANG_WARN_OBJC_IMPLICIT_RETAIN_SELF = YES;
				CLANG_WARN_OBJC_LITERAL_CONVERSION = YES;
				CLANG_WARN_OBJC_ROOT_CLASS = YES_ERROR;
				CLANG_WARN_RANGE_LOOP_ANALYSIS = YES;
				CLANG_WARN_STRICT_PROTOTYPES = YES;
				CLANG_WARN_SUSPICIOUS_MOVE = YES;
				CLANG_WARN_UNGUARDED_AVAILABILITY = YES_AGGRESSIVE;
				CLANG_WARN_UNREACHABLE_CODE = YES;
				CLANG_WARN__DUPLICATE_METHOD_MATCH = YES;
				COPY_PHASE_STRIP = NO;
				DEBUG_INFORMATION_FORMAT = "dwarf-with-dsym";
				ENABLE_NS_ASSERTIONS = NO;
				ENABLE_STRICT_OBJC_MSGSEND = YES;
				GCC_C_LANGUAGE_STANDARD = gnu11;
				GCC_NO_COMMON_BLOCKS = YES;
				GCC_WARN_64_TO_32_BIT_CONVERSION = YES;
				GCC_WARN_ABOUT_RETURN_TYPE = YES_ERROR;
				GCC_WARN_UNDECLARED_SELECTOR = YES;
				GCC_WARN_UNINITIALIZED_AUTOS = YES_AGGRESSIVE;
				GCC_WARN_UNUSED_FUNCTION = YES;
				GCC_WARN_UNUSED_VARIABLE = YES;
				IPHONEOS_DEPLOYMENT_TARGET = 13.0;
				MTL_ENABLE_DEBUG_INFO = NO;
				MTL_FAST_MATH = YES;
				SDKROOT = iphoneos;
				SWIFT_COMPILATION_MODE = wholemodule;
				SWIFT_OPTIMIZATION_LEVEL = "-O";
				VALIDATE_PRODUCT = YES;
			};
			name = Release;
		};
		9D04D080235110E500BBC9C1 /* Debug */ = {
			isa = XCBuildConfiguration;
			buildSettings = {
				ALWAYS_EMBED_SWIFT_STANDARD_LIBRARIES = YES;
				ASSETCATALOG_COMPILER_APPICON_NAME = AppIcon;
				CODE_SIGN_ENTITLEMENTS = Send2Kodi/Send2Kodi.entitlements;
				CODE_SIGN_STYLE = Automatic;
				DEVELOPMENT_ASSET_PATHS = "\"Send2Kodi/Preview Content\"";
				DEVELOPMENT_TEAM = 8A5VS6Y5QS;
				ENABLE_PREVIEWS = YES;
				INFOPLIST_FILE = Send2Kodi/Info.plist;
				LD_RUNPATH_SEARCH_PATHS = (
					"$(inherited)",
					"@executable_path/Frameworks",
				);
				PRODUCT_BUNDLE_IDENTIFIER = be.vershina.Send2Kodi;
				PRODUCT_NAME = "$(TARGET_NAME)";
				SWIFT_VERSION = 5.0;
				TARGETED_DEVICE_FAMILY = "1,2";
			};
			name = Debug;
		};
		9D04D081235110E500BBC9C1 /* Release */ = {
			isa = XCBuildConfiguration;
			buildSettings = {
				ALWAYS_EMBED_SWIFT_STANDARD_LIBRARIES = YES;
				ASSETCATALOG_COMPILER_APPICON_NAME = AppIcon;
				CODE_SIGN_ENTITLEMENTS = Send2Kodi/Send2Kodi.entitlements;
				CODE_SIGN_STYLE = Automatic;
				DEVELOPMENT_ASSET_PATHS = "\"Send2Kodi/Preview Content\"";
				DEVELOPMENT_TEAM = 8A5VS6Y5QS;
				ENABLE_PREVIEWS = YES;
				INFOPLIST_FILE = Send2Kodi/Info.plist;
				LD_RUNPATH_SEARCH_PATHS = (
					"$(inherited)",
					"@executable_path/Frameworks",
				);
				PRODUCT_BUNDLE_IDENTIFIER = be.vershina.Send2Kodi;
				PRODUCT_NAME = "$(TARGET_NAME)";
				SWIFT_VERSION = 5.0;
				TARGETED_DEVICE_FAMILY = "1,2";
			};
			name = Release;
		};
		9D04D083235110E500BBC9C1 /* Debug */ = {
			isa = XCBuildConfiguration;
			buildSettings = {
				ALWAYS_EMBED_SWIFT_STANDARD_LIBRARIES = YES;
				BUNDLE_LOADER = "$(TEST_HOST)";
				CODE_SIGN_IDENTITY = "Apple Development";
				"CODE_SIGN_IDENTITY[sdk=macosx*]" = "-";
				CODE_SIGN_STYLE = Automatic;
				DEVELOPMENT_TEAM = 8A5VS6Y5QS;
				INFOPLIST_FILE = Send2KodiTests/Info.plist;
				IPHONEOS_DEPLOYMENT_TARGET = 13.0;
				LD_RUNPATH_SEARCH_PATHS = (
					"$(inherited)",
					"@executable_path/Frameworks",
					"@loader_path/Frameworks",
				);
				PRODUCT_BUNDLE_IDENTIFIER = be.vershina.Send2KodiTests;
				PRODUCT_NAME = "$(TARGET_NAME)";
				PROVISIONING_PROFILE_SPECIFIER = "";
				"PROVISIONING_PROFILE_SPECIFIER[sdk=macosx*]" = "";
				SWIFT_VERSION = 5.0;
				TARGETED_DEVICE_FAMILY = "1,2";
				TEST_HOST = "$(BUILT_PRODUCTS_DIR)/Send2Kodi.app/Send2Kodi";
			};
			name = Debug;
		};
		9D04D084235110E500BBC9C1 /* Release */ = {
			isa = XCBuildConfiguration;
			buildSettings = {
				ALWAYS_EMBED_SWIFT_STANDARD_LIBRARIES = YES;
				BUNDLE_LOADER = "$(TEST_HOST)";
				CODE_SIGN_IDENTITY = "Apple Development";
				"CODE_SIGN_IDENTITY[sdk=macosx*]" = "-";
				CODE_SIGN_STYLE = Automatic;
				DEVELOPMENT_TEAM = 8A5VS6Y5QS;
				INFOPLIST_FILE = Send2KodiTests/Info.plist;
				IPHONEOS_DEPLOYMENT_TARGET = 13.0;
				LD_RUNPATH_SEARCH_PATHS = (
					"$(inherited)",
					"@executable_path/Frameworks",
					"@loader_path/Frameworks",
				);
				PRODUCT_BUNDLE_IDENTIFIER = be.vershina.Send2KodiTests;
				PRODUCT_NAME = "$(TARGET_NAME)";
				PROVISIONING_PROFILE_SPECIFIER = "";
				"PROVISIONING_PROFILE_SPECIFIER[sdk=macosx*]" = "";
				SWIFT_VERSION = 5.0;
				TARGETED_DEVICE_FAMILY = "1,2";
				TEST_HOST = "$(BUILT_PRODUCTS_DIR)/Send2Kodi.app/Send2Kodi";
			};
			name = Release;
		};
		9D04D086235110E500BBC9C1 /* Debug */ = {
			isa = XCBuildConfiguration;
			buildSettings = {
				ALWAYS_EMBED_SWIFT_STANDARD_LIBRARIES = YES;
				CODE_SIGN_IDENTITY = "Apple Development";
				"CODE_SIGN_IDENTITY[sdk=macosx*]" = "Apple Development";
				CODE_SIGN_STYLE = Automatic;
				DEVELOPMENT_TEAM = 8A5VS6Y5QS;
				INFOPLIST_FILE = Send2KodiUITests/Info.plist;
				LD_RUNPATH_SEARCH_PATHS = (
					"$(inherited)",
					"@executable_path/Frameworks",
					"@loader_path/Frameworks",
				);
				PRODUCT_BUNDLE_IDENTIFIER = be.vershina.Send2KodiUITests;
				PRODUCT_NAME = "$(TARGET_NAME)";
				PROVISIONING_PROFILE_SPECIFIER = "";
				"PROVISIONING_PROFILE_SPECIFIER[sdk=macosx*]" = "";
				SWIFT_VERSION = 5.0;
				TARGETED_DEVICE_FAMILY = "1,2";
				TEST_TARGET_NAME = Send2Kodi;
			};
			name = Debug;
		};
		9D04D087235110E500BBC9C1 /* Release */ = {
			isa = XCBuildConfiguration;
			buildSettings = {
				ALWAYS_EMBED_SWIFT_STANDARD_LIBRARIES = YES;
				CODE_SIGN_IDENTITY = "Apple Development";
				"CODE_SIGN_IDENTITY[sdk=macosx*]" = "Apple Development";
				CODE_SIGN_STYLE = Automatic;
				DEVELOPMENT_TEAM = 8A5VS6Y5QS;
				INFOPLIST_FILE = Send2KodiUITests/Info.plist;
				LD_RUNPATH_SEARCH_PATHS = (
					"$(inherited)",
					"@executable_path/Frameworks",
					"@loader_path/Frameworks",
				);
				PRODUCT_BUNDLE_IDENTIFIER = be.vershina.Send2KodiUITests;
				PRODUCT_NAME = "$(TARGET_NAME)";
				PROVISIONING_PROFILE_SPECIFIER = "";
				"PROVISIONING_PROFILE_SPECIFIER[sdk=macosx*]" = "";
				SWIFT_VERSION = 5.0;
				TARGETED_DEVICE_FAMILY = "1,2";
				TEST_TARGET_NAME = Send2Kodi;
			};
			name = Release;
		};
		9D04D0A9235A68A200BBC9C1 /* Debug */ = {
			isa = XCBuildConfiguration;
			buildSettings = {
				ASSETCATALOG_COMPILER_APPICON_NAME = AppIcon;
				CODE_SIGN_ENTITLEMENTS = SendYouTube2Kodi/SendYouTube2Kodi.entitlements;
				CODE_SIGN_STYLE = Automatic;
				DEVELOPMENT_TEAM = 8A5VS6Y5QS;
				INFOPLIST_FILE = SendYouTube2Kodi/Info.plist;
				LD_RUNPATH_SEARCH_PATHS = (
					"$(inherited)",
					"@executable_path/Frameworks",
					"@executable_path/../../Frameworks",
				);
				PRODUCT_BUNDLE_IDENTIFIER = be.vershina.Send2Kodi.SendYouTube2Kodi;
				PRODUCT_NAME = "$(TARGET_NAME)";
				SKIP_INSTALL = YES;
				SWIFT_VERSION = 5.0;
				TARGETED_DEVICE_FAMILY = "1,2";
			};
			name = Debug;
		};
		9D04D0AA235A68A200BBC9C1 /* Release */ = {
			isa = XCBuildConfiguration;
			buildSettings = {
				ASSETCATALOG_COMPILER_APPICON_NAME = AppIcon;
				CODE_SIGN_ENTITLEMENTS = SendYouTube2Kodi/SendYouTube2Kodi.entitlements;
				CODE_SIGN_STYLE = Automatic;
				DEVELOPMENT_TEAM = 8A5VS6Y5QS;
				INFOPLIST_FILE = SendYouTube2Kodi/Info.plist;
				LD_RUNPATH_SEARCH_PATHS = (
					"$(inherited)",
					"@executable_path/Frameworks",
					"@executable_path/../../Frameworks",
				);
				PRODUCT_BUNDLE_IDENTIFIER = be.vershina.Send2Kodi.SendYouTube2Kodi;
				PRODUCT_NAME = "$(TARGET_NAME)";
				SKIP_INSTALL = YES;
				SWIFT_VERSION = 5.0;
				TARGETED_DEVICE_FAMILY = "1,2";
			};
			name = Release;
		};
		9D05249B236381EF0063CC05 /* Debug */ = {
			isa = XCBuildConfiguration;
			buildSettings = {
				CODE_SIGN_ENTITLEMENTS = Share2Kodi/Share2Kodi.entitlements;
				CODE_SIGN_STYLE = Automatic;
				DEVELOPMENT_TEAM = 8A5VS6Y5QS;
				INFOPLIST_FILE = Share2Kodi/Info.plist;
				LD_RUNPATH_SEARCH_PATHS = (
					"$(inherited)",
					"@executable_path/Frameworks",
					"@executable_path/../../Frameworks",
				);
				PRODUCT_BUNDLE_IDENTIFIER = be.vershina.Send2Kodi.Share2Kodi;
				PRODUCT_NAME = "$(TARGET_NAME)";
				SKIP_INSTALL = YES;
				SWIFT_VERSION = 5.0;
				TARGETED_DEVICE_FAMILY = "1,2";
			};
			name = Debug;
		};
		9D05249C236381EF0063CC05 /* Release */ = {
			isa = XCBuildConfiguration;
			buildSettings = {
				CODE_SIGN_ENTITLEMENTS = Share2Kodi/Share2Kodi.entitlements;
				CODE_SIGN_STYLE = Automatic;
				DEVELOPMENT_TEAM = 8A5VS6Y5QS;
				INFOPLIST_FILE = Share2Kodi/Info.plist;
				LD_RUNPATH_SEARCH_PATHS = (
					"$(inherited)",
					"@executable_path/Frameworks",
					"@executable_path/../../Frameworks",
				);
				PRODUCT_BUNDLE_IDENTIFIER = be.vershina.Send2Kodi.Share2Kodi;
				PRODUCT_NAME = "$(TARGET_NAME)";
				SKIP_INSTALL = YES;
				SWIFT_VERSION = 5.0;
				TARGETED_DEVICE_FAMILY = "1,2";
			};
			name = Release;
		};
		9D7C5FBD23E312DB005A06E9 /* Debug */ = {
			isa = XCBuildConfiguration;
			buildSettings = {
				ASSETCATALOG_COMPILER_APPICON_NAME = AppIcon;
				CODE_SIGN_ENTITLEMENTS = Send2LMS/Send2LMS.entitlements;
				CODE_SIGN_STYLE = Automatic;
				DEVELOPMENT_TEAM = 8A5VS6Y5QS;
				INFOPLIST_FILE = Send2LMS/Info.plist;
				IPHONEOS_DEPLOYMENT_TARGET = 13.0;
				LD_RUNPATH_SEARCH_PATHS = (
					"$(inherited)",
					"@executable_path/Frameworks",
					"@executable_path/../../Frameworks",
				);
				PRODUCT_BUNDLE_IDENTIFIER = be.vershina.Send2Kodi.Send2LMS;
				PRODUCT_NAME = "$(TARGET_NAME)";
				SKIP_INSTALL = YES;
				SWIFT_VERSION = 5.0;
				TARGETED_DEVICE_FAMILY = "1,2";
			};
			name = Debug;
		};
		9D7C5FBE23E312DB005A06E9 /* Release */ = {
			isa = XCBuildConfiguration;
			buildSettings = {
				ASSETCATALOG_COMPILER_APPICON_NAME = AppIcon;
				CODE_SIGN_ENTITLEMENTS = Send2LMS/Send2LMS.entitlements;
				CODE_SIGN_STYLE = Automatic;
				DEVELOPMENT_TEAM = 8A5VS6Y5QS;
				INFOPLIST_FILE = Send2LMS/Info.plist;
				IPHONEOS_DEPLOYMENT_TARGET = 13.0;
				LD_RUNPATH_SEARCH_PATHS = (
					"$(inherited)",
					"@executable_path/Frameworks",
					"@executable_path/../../Frameworks",
				);
				PRODUCT_BUNDLE_IDENTIFIER = be.vershina.Send2Kodi.Send2LMS;
				PRODUCT_NAME = "$(TARGET_NAME)";
				SKIP_INSTALL = YES;
				SWIFT_VERSION = 5.0;
				TARGETED_DEVICE_FAMILY = "1,2";
			};
			name = Release;
		};
/* End XCBuildConfiguration section */

/* Begin XCConfigurationList section */
		9D04D050235110E100BBC9C1 /* Build configuration list for PBXProject "Send2Kodi" */ = {
			isa = XCConfigurationList;
			buildConfigurations = (
				9D04D07D235110E500BBC9C1 /* Debug */,
				9D04D07E235110E500BBC9C1 /* Release */,
			);
			defaultConfigurationIsVisible = 0;
			defaultConfigurationName = Release;
		};
		9D04D07F235110E500BBC9C1 /* Build configuration list for PBXNativeTarget "Send2Kodi" */ = {
			isa = XCConfigurationList;
			buildConfigurations = (
				9D04D080235110E500BBC9C1 /* Debug */,
				9D04D081235110E500BBC9C1 /* Release */,
			);
			defaultConfigurationIsVisible = 0;
			defaultConfigurationName = Release;
		};
		9D04D082235110E500BBC9C1 /* Build configuration list for PBXNativeTarget "Send2KodiTests" */ = {
			isa = XCConfigurationList;
			buildConfigurations = (
				9D04D083235110E500BBC9C1 /* Debug */,
				9D04D084235110E500BBC9C1 /* Release */,
			);
			defaultConfigurationIsVisible = 0;
			defaultConfigurationName = Release;
		};
		9D04D085235110E500BBC9C1 /* Build configuration list for PBXNativeTarget "Send2KodiUITests" */ = {
			isa = XCConfigurationList;
			buildConfigurations = (
				9D04D086235110E500BBC9C1 /* Debug */,
				9D04D087235110E500BBC9C1 /* Release */,
			);
			defaultConfigurationIsVisible = 0;
			defaultConfigurationName = Release;
		};
		9D04D0A8235A68A200BBC9C1 /* Build configuration list for PBXNativeTarget "SendYouTube2Kodi" */ = {
			isa = XCConfigurationList;
			buildConfigurations = (
				9D04D0A9235A68A200BBC9C1 /* Debug */,
				9D04D0AA235A68A200BBC9C1 /* Release */,
			);
			defaultConfigurationIsVisible = 0;
			defaultConfigurationName = Release;
		};
		9D05249D236381EF0063CC05 /* Build configuration list for PBXNativeTarget "Share2Kodi" */ = {
			isa = XCConfigurationList;
			buildConfigurations = (
				9D05249B236381EF0063CC05 /* Debug */,
				9D05249C236381EF0063CC05 /* Release */,
			);
			defaultConfigurationIsVisible = 0;
			defaultConfigurationName = Release;
		};
		9D7C5FBF23E312DB005A06E9 /* Build configuration list for PBXNativeTarget "Send2LMS" */ = {
			isa = XCConfigurationList;
			buildConfigurations = (
				9D7C5FBD23E312DB005A06E9 /* Debug */,
				9D7C5FBE23E312DB005A06E9 /* Release */,
			);
			defaultConfigurationIsVisible = 0;
			defaultConfigurationName = Release;
		};
/* End XCConfigurationList section */
	};
	rootObject = 9D04D04D235110E100BBC9C1 /* Project object */;
}
